
Microsoft Visual Studio Solution File, Format Version 12.00
# Visual Studio Version 17
VisualStudioVersion = 17.4.33110.190
MinimumVisualStudioVersion = 10.0.40219.1
Project("{FAE04EC0-301F-11D3-BF4B-00C04F79EFBC}") = "Question", "Question\Question.csproj", "{FE337900-669D-42D1-8E6A-9B7161C2492E}"
EndProject
Global
	GlobalSection(SolutionConfigurationPlatforms) = preSolution
		Debug|Any CPU = Debug|Any CPU
		Release|Any CPU = Release|Any CPU
	EndGlobalSection
	GlobalSection(ProjectConfigurationPlatforms) = postSolution
		{FE337900-669D-42D1-8E6A-9B7161C2492E}.Debug|Any CPU.ActiveCfg = Debug|Any CPU
		{FE337900-669D-42D1-8E6A-9B7161C2492E}.Debug|Any CPU.Build.0 = Debug|Any CPU
		{FE337900-669D-42D1-8E6A-9B7161C2492E}.Release|Any CPU.ActiveCfg = Release|Any CPU
		{FE337900-669D-42D1-8E6A-9B7161C2492E}.Release|Any CPU.Build.0 = Release|Any CPU
	EndGlobalSection
	GlobalSection(SolutionProperties) = preSolution
		HideSolutionNode = FALSE
	EndGlobalSection
	GlobalSection(ExtensibilityGlobals) = postSolution
		SolutionGuid = {D94157D9-A40B-4BFC-970D-33B81F344788}
	EndGlobalSection
EndGlobal
